Microsoft Visual Studio Solution File, Format Version 12.00
# Visual Studio Version 17
VisualStudioVersion = 17.5.2.0
MinimumVisualStudioVersion = 10.0.40219.1
Project("{FAE04EC0-301F-11D3-BF4B-00C04F79EFBC}") = "ConnectedWebsite.Api", "api\ConnectedWebsite.Api.csproj", "{4E7A1FB7-61D1-7433-F953-E2470C097FC3}"
EndProject
Global
	GlobalSection(SolutionConfigurationPlatforms) = preSolution
		Debug|Any CPU = Debug|Any CPU
		Release|Any CPU = Release|Any CPU
	EndGlobalSection
	GlobalSection(ProjectConfigurationPlatforms) = postSolution
		{4E7A1FB7-61D1-7433-F953-E2470C097FC3}.Debug|Any CPU.ActiveCfg = Debug|Any CPU
		{4E7A1FB7-61D1-7433-F953-E2470C097FC3}.Debug|Any CPU.Build.0 = Debug|Any CPU
		{4E7A1FB7-61D1-7433-F953-E2470C097FC3}.Release|Any CPU.ActiveCfg = Release|Any CPU
		{4E7A1FB7-61D1-7433-F953-E2470C097FC3}.Release|Any CPU.Build.0 = Release|Any CPU
	EndGlobalSection
	GlobalSection(SolutionProperties) = preSolution
		HideSolutionNode = FALSE
	EndGlobalSection
	GlobalSection(ExtensibilityGlobals) = postSolution
		SolutionGuid = {61020139-946E-4746-8122-F2F65048538A}
	EndGlobalSection
EndGlobal
